
Microsoft Visual Studio Solution File, Format Version 12.00
# Visual Studio Version 17
VisualStudioVersion = 17.9.34607.119
MinimumVisualStudioVersion = 10.0.40219.1
Project("{FAE04EC0-301F-11D3-BF4B-00C04F79EFBC}") = "Pet.API", "Pet.API\Pet.API.csproj", "{971EF0F9-F219-4230-A27D-84089C1C2C68}"
EndProject
Project("{FAE04EC0-301F-11D3-BF4B-00C04F79EFBC}") = "Pet.Domain", "Pet.Domain\Pet.Domain.csproj", "{AF5B92E7-C194-4EC3-9210-ECD2D3C45E39}"
EndProject
Project("{FAE04EC0-301F-11D3-BF4B-00C04F79EFBC}") = "Pet.Application", "Pet.Application\Pet.Application.csproj", "{AE8099C3-261A-4605-87FB-597A822D3CE4}"
EndProject
Project("{FAE04EC0-301F-11D3-BF4B-00C04F79EFBC}") = "Pet.Infra.Data", "Pet.Infra.Data\Pet.Infra.Data.csproj", "{EDE9904B-1DC1-45AA-ABCF-D21BF2A901FF}"
EndProject
Project("{FAE04EC0-301F-11D3-BF4B-00C04F79EFBC}") = "Pet.Infra.IoC", "Pet.Infra.IoC\Pet.Infra.IoC.csproj", "{5F847D63-3D5D-4EB4-8AF7-086962CD9852}"
EndProject
Project("{FAE04EC0-301F-11D3-BF4B-00C04F79EFBC}") = "Pet.Teste", "Pet.Teste\Pet.Teste.csproj", "{581FB69E-EA0B-4EC4-B74D-7F7771A367B8}"
EndProject
Global
	GlobalSection(SolutionConfigurationPlatforms) = preSolution
		Debug|Any CPU = Debug|Any CPU
		Release|Any CPU = Release|Any CPU
	EndGlobalSection
	GlobalSection(ProjectConfigurationPlatforms) = postSolution
		{971EF0F9-F219-4230-A27D-84089C1C2C68}.Debug|Any CPU.ActiveCfg = Debug|Any CPU
		{971EF0F9-F219-4230-A27D-84089C1C2C68}.Debug|Any CPU.Build.0 = Debug|Any CPU
		{971EF0F9-F219-4230-A27D-84089C1C2C68}.Release|Any CPU.ActiveCfg = Release|Any CPU
		{971EF0F9-F219-4230-A27D-84089C1C2C68}.Release|Any CPU.Build.0 = Release|Any CPU
		{AF5B92E7-C194-4EC3-9210-ECD2D3C45E39}.Debug|Any CPU.ActiveCfg = Debug|Any CPU
		{AF5B92E7-C194-4EC3-9210-ECD2D3C45E39}.Debug|Any CPU.Build.0 = Debug|Any CPU
		{AF5B92E7-C194-4EC3-9210-ECD2D3C45E39}.Release|Any CPU.ActiveCfg = Release|Any CPU
		{AF5B92E7-C194-4EC3-9210-ECD2D3C45E39}.Release|Any CPU.Build.0 = Release|Any CPU
		{AE8099C3-261A-4605-87FB-597A822D3CE4}.Debug|Any CPU.ActiveCfg = Debug|Any CPU
		{AE8099C3-261A-4605-87FB-597A822D3CE4}.Debug|Any CPU.Build.0 = Debug|Any CPU
		{AE8099C3-261A-4605-87FB-597A822D3CE4}.Release|Any CPU.ActiveCfg = Release|Any CPU
		{AE8099C3-261A-4605-87FB-597A822D3CE4}.Release|Any CPU.Build.0 = Release|Any CPU
		{EDE9904B-1DC1-45AA-ABCF-D21BF2A901FF}.Debug|Any CPU.ActiveCfg = Debug|Any CPU
		{EDE9904B-1DC1-45AA-ABCF-D21BF2A901FF}.Debug|Any CPU.Build.0 = Debug|Any CPU
		{EDE9904B-1DC1-45AA-ABCF-D21BF2A901FF}.Release|Any CPU.ActiveCfg = Release|Any CPU
		{EDE9904B-1DC1-45AA-ABCF-D21BF2A901FF}.Release|Any CPU.Build.0 = Release|Any CPU
		{5F847D63-3D5D-4EB4-8AF7-086962CD9852}.Debug|Any CPU.ActiveCfg = Debug|Any CPU
		{5F847D63-3D5D-4EB4-8AF7-086962CD9852}.Debug|Any CPU.Build.0 = Debug|Any CPU
		{5F847D63-3D5D-4EB4-8AF7-086962CD9852}.Release|Any CPU.ActiveCfg = Release|Any CPU
		{5F847D63-3D5D-4EB4-8AF7-086962CD9852}.Release|Any CPU.Build.0 = Release|Any CPU
		{581FB69E-EA0B-4EC4-B74D-7F7771A367B8}.Debug|Any CPU.ActiveCfg = Debug|Any CPU
		{581FB69E-EA0B-4EC4-B74D-7F7771A367B8}.Debug|Any CPU.Build.0 = Debug|Any CPU
		{581FB69E-EA0B-4EC4-B74D-7F7771A367B8}.Release|Any CPU.ActiveCfg = Release|Any CPU
		{581FB69E-EA0B-4EC4-B74D-7F7771A367B8}.Release|Any CPU.Build.0 = Release|Any CPU
	EndGlobalSection
	GlobalSection(SolutionProperties) = preSolution
		HideSolutionNode = FALSE
	EndGlobalSection
	GlobalSection(ExtensibilityGlobals) = postSolution
		SolutionGuid = {26FEE295-DC2E-45FC-89C7-443A775246D9}
	EndGlobalSection
EndGlobal
